
Microsoft Visual Studio Solution File, Format Version 12.00
# Visual Studio Version 17
VisualStudioVersion = 17.5.33502.453
MinimumVisualStudioVersion = 10.0.40219.1
Project("{FAE04EC0-301F-11D3-BF4B-00C04F79EFBC}") = "LoginLocker", "LoginLocker.csproj", "{B216E17C-3712-41E9-A032-87D008AE57D5}"
EndProject
Global
	GlobalSection(SolutionConfigurationPlatforms) = preSolution
		Debug|Any CPU = Debug|Any CPU
		Release|Any CPU = Release|Any CPU
	EndGlobalSection
	GlobalSection(ProjectConfigurationPlatforms) = postSolution
		{B216E17C-3712-41E9-A032-87D008AE57D5}.Debug|Any CPU.ActiveCfg = Debug|Any CPU
		{B216E17C-3712-41E9-A032-87D008AE57D5}.Debug|Any CPU.Build.0 = Debug|Any CPU
		{B216E17C-3712-41E9-A032-87D008AE57D5}.Release|Any CPU.ActiveCfg = Release|Any CPU
		{B216E17C-3712-41E9-A032-87D008AE57D5}.Release|Any CPU.Build.0 = Release|Any CPU
	EndGlobalSection
	GlobalSection(SolutionProperties) = preSolution
		HideSolutionNode = FALSE
	EndGlobalSection
	GlobalSection(ExtensibilityGlobals) = postSolution
		SolutionGuid = {4F5C2DE6-00E6-473C-AA62-D17C958DE014}
	EndGlobalSection
EndGlobal
